// !$*UTF8*$!
{
	archiveVersion = 1;
	classes = {
	};
	objectVersion = 46;
	objects = {

/* Begin PBXBuildFile section */
		B0D67F081F2150F6001D8D30 /* AppDelegate.swift in Sources */ = {isa = PBXBuildFile; fileRef = B0D67F071F2150F6001D8D30 /* AppDelegate.swift */; };
		B0D67F0A1F2150F6001D8D30 /* ViewController.swift in Sources */ = {isa = PBXBuildFile; fileRef = B0D67F091F2150F6001D8D30 /* ViewController.swift */; };
		B0D67F0D1F2150F6001D8D30 /* Main.storyboard in Resources */ = {isa = PBXBuildFile; fileRef = B0D67F0B1F2150F6001D8D30 /* Main.storyboard */; };
		B0D67F101F2150F6001D8D30 /* DoIt.xcdatamodeld in Sources */ = {isa = PBXBuildFile; fileRef = B0D67F0E1F2150F6001D8D30 /* DoIt.xcdatamodeld */; };
		B0D67F121F2150F6001D8D30 /* Assets.xcassets in Resources */ = {isa = PBXBuildFile; fileRef = B0D67F111F2150F6001D8D30 /* Assets.xcassets */; };
		B0D67F151F2150F6001D8D30 /* LaunchScreen.storyboard in Resources */ = {isa = PBXBuildFile; fileRef = B0D67F131F2150F6001D8D30 /* LaunchScreen.storyboard */; };
		B0D67F201F2150F6001D8D30 /* DoItTests.swift in Sources */ = {isa = PBXBuildFile; fileRef = B0D67F1F1F2150F6001D8D30 /* DoItTests.swift */; };
		B0D67F2B1F2150F7001D8D30 /* DoItUITests.swift in Sources */ = {isa = PBXBuildFile; fileRef = B0D67F2A1F2150F7001D8D30 /* DoItUITests.swift */; };
/* End PBXBuildFile section */

/* Begin PBXContainerItemProxy section */
		B0D67F1C1F2150F6001D8D30 /* PBXContainerItemProxy */ = {
			isa = PBXContainerItemProxy;
			containerPortal = B0D67EFC1F2150F6001D8D30 /* Project object */;
			proxyType = 1;
			remoteGlobalIDString = B0D67F031F2150F6001D8D30;
			remoteInfo = DoIt;
		};
		B0D67F271F2150F7001D8D30 /* PBXContainerItemProxy */ = {
			isa = PBXContainerItemProxy;
			containerPortal = B0D67EFC1F2150F6001D8D30 /* Project object */;
			proxyType = 1;
			remoteGlobalIDString = B0D67F031F2150F6001D8D30;
			remoteInfo = DoIt;
		};
/* End PBXContainerItemProxy section */

/* Begin PBXFileReference section */
		B0D67F041F2150F6001D8D30 /* DoIt.app */ = {isa = PBXFileReference; explicitFileType = wrapper.application; includeInIndex = 0; path = DoIt.app; sourceTree = BUILT_PRODUCTS_DIR; };
		B0D67F071F2150F6001D8D30 /* AppDelegate.swift */ = {isa = PBXFileReference; lastKnownFileType = sourcecode.swift; path = AppDelegate.swift; sourceTree = "<group>"; };
		B0D67F091F2150F6001D8D30 /* ViewController.swift */ = {isa = PBXFileReference; lastKnownFileType = sourcecode.swift; path = ViewController.swift; sourceTree = "<group>"; };
		B0D67F0C1F2150F6001D8D30 /* Base */ = {isa = PBXFileReference; lastKnownFileType = file.storyboard; name = Base; path = Base.lproj/Main.storyboard; sourceTree = "<group>"; };
		B0D67F0F1F2150F6001D8D30 /* DoIt.xcdatamodel */ = {isa = PBXFileReference; lastKnownFileType = wrapper.xcdatamodel; path = DoIt.xcdatamodel; sourceTree = "<group>"; };
		B0D67F111F2150F6001D8D30 /* Assets.xcassets */ = {isa = PBXFileReference; lastKnownFileType = folder.assetcatalog; path = Assets.xcassets; sourceTree = "<group>"; };
		B0D67F141F2150F6001D8D30 /* Base */ = {isa = PBXFileReference; lastKnownFileType = file.storyboard; name = Base; path = Base.lproj/LaunchScreen.storyboard; sourceTree = "<group>"; };
		B0D67F161F2150F6001D8D30 /* Info.plist */ = {isa = PBXFileReference; lastKnownFileType = text.plist.xml; path = Info.plist; sourceTree = "<group>"; };
		B0D67F1B1F2150F6001D8D30 /* DoItTests.xctest */ = {isa = PBXFileReference; explicitFileType = wrapper.cfbundle; includeInIndex = 0; path = DoItTests.xctest; sourceTree = BUILT_PRODUCTS_DIR; };
		B0D67F1F1F2150F6001D8D30 /* DoItTests.swift */ = {isa = PBXFileReference; lastKnownFileType = sourcecode.swift; path = DoItTests.swift; sourceTree = "<group>"; };
		B0D67F211F2150F6001D8D30 /* Info.plist */ = {isa = PBXFileReference; lastKnownFileType = text.plist.xml; path = Info.plist; sourceTree = "<group>"; };
		B0D67F261F2150F7001D8D30 /* DoItUITests.xctest */ = {isa = PBXFileReference; explicitFileType = wrapper.cfbundle; includeInIndex = 0; path = DoItUITests.xctest; sourceTree = BUILT_PRODUCTS_DIR; };
		B0D67F2A1F2150F7001D8D30 /* DoItUITests.swift */ = {isa = PBXFileReference; lastKnownFileType = sourcecode.swift; path = DoItUITests.swift; sourceTree = "<group>"; };
		B0D67F2C1F2150F7001D8D30 /* Info.plist */ = {isa = PBXFileReference; lastKnownFileType = text.plist.xml; path = Info.plist; sourceTree = "<group>"; };
/* End PBXFileReference section */

/* Begin PBXFrameworksBuildPhase section */
		B0D67F011F2150F6001D8D30 /* Frameworks */ = {
			isa = PBXFrameworksBuildPhase;
			buildActionMask = 2147483647;
			files = (
			);
			runOnlyForDeploymentPostprocessing = 0;
		};
		B0D67F181F2150F6001D8D30 /* Frameworks */ = {
			isa = PBXFrameworksBuildPhase;
			buildActionMask = 2147483647;
			files = (
			);
			runOnlyForDeploymentPostprocessing = 0;
		};
		B0D67F231F2150F7001D8D30 /* Frameworks */ = {
			isa = PBXFrameworksBuildPhase;
			buildActionMask = 2147483647;
			files = (
			);
			runOnlyForDeploymentPostprocessing = 0;
		};
/* End PBXFrameworksBuildPhase section */

/* Begin PBXGroup section */
		B0D67EFB1F2150F6001D8D30 = {
			isa = PBXGroup;
			children = (
				B0D67F061F2150F6001D8D30 /* DoIt */,
				B0D67F1E1F2150F6001D8D30 /* DoItTests */,
				B0D67F291F2150F7001D8D30 /* DoItUITests */,
				B0D67F051F2150F6001D8D30 /* Products */,
			);
			sourceTree = "<group>";
		};
		B0D67F051F2150F6001D8D30 /* Products */ = {
			isa = PBXGroup;
			children = (
				B0D67F041F2150F6001D8D30 /* DoIt.app */,
				B0D67F1B1F2150F6001D8D30 /* DoItTests.xctest */,
				B0D67F261F2150F7001D8D30 /* DoItUITests.xctest */,
			);
			name = Products;
			sourceTree = "<group>";
		};
		B0D67F061F2150F6001D8D30 /* DoIt */ = {
			isa = PBXGroup;
			children = (
				B0D67F071F2150F6001D8D30 /* AppDelegate.swift */,
				B0D67F091F2150F6001D8D30 /* ViewController.swift */,
				B0D67F0B1F2150F6001D8D30 /* Main.storyboard */,
				B0D67F111F2150F6001D8D30 /* Assets.xcassets */,
				B0D67F131F2150F6001D8D30 /* LaunchScreen.storyboard */,
				B0D67F161F2150F6001D8D30 /* Info.plist */,
				B0D67F0E1F2150F6001D8D30 /* DoIt.xcdatamodeld */,
			);
			path = DoIt;
			sourceTree = "<group>";
		};
		B0D67F1E1F2150F6001D8D30 /* DoItTests */ = {
			isa = PBXGroup;
			children = (
				B0D67F1F1F2150F6001D8D30 /* DoItTests.swift */,
				B0D67F211F2150F6001D8D30 /* Info.plist */,
			);
			path = DoItTests;
			sourceTree = "<group>";
		};
		B0D67F291F2150F7001D8D30 /* DoItUITests */ = {
			isa = PBXGroup;
			children = (
				B0D67F2A1F2150F7001D8D30 /* DoItUITests.swift */,
				B0D67F2C1F2150F7001D8D30 /* Info.plist */,
			);
			path = DoItUITests;
			sourceTree = "<group>";
		};
/* End PBXGroup section */

/* Begin PBXNativeTarget section */
		B0D67F031F2150F6001D8D30 /* DoIt */ = {
			isa = PBXNativeTarget;
			buildConfigurationList = B0D67F2F1F2150F7001D8D30 /* Build configuration list for PBXNativeTarget "DoIt" */;
			buildPhases = (
				B0D67F001F2150F6001D8D30 /* Sources */,
				B0D67F011F2150F6001D8D30 /* Frameworks */,
				B0D67F021F2150F6001D8D30 /* Resources */,
			);
			buildRules = (
			);
			dependencies = (
			);
			name = DoIt;
			productName = DoIt;
			productReference = B0D67F041F2150F6001D8D30 /* DoIt.app */;
			productType = "com.apple.product-type.application";
		};
		B0D67F1A1F2150F6001D8D30 /* DoItTests */ = {
			isa = PBXNativeTarget;
			buildConfigurationList = B0D67F321F2150F7001D8D30 /* Build configuration list for PBXNativeTarget "DoItTests" */;
			buildPhases = (
				B0D67F171F2150F6001D8D30 /* Sources */,
				B0D67F181F2150F6001D8D30 /* Frameworks */,
				B0D67F191F2150F6001D8D30 /* Resources */,
			);
			buildRules = (
			);
			dependencies = (
				B0D67F1D1F2150F6001D8D30 /* PBXTargetDependency */,
			);
			name = DoItTests;
			productName = DoItTests;
			productReference = B0D67F1B1F2150F6001D8D30 /* DoItTests.xctest */;
			productType = "com.apple.product-type.bundle.unit-test";
		};
		B0D67F251F2150F7001D8D30 /* DoItUITests */ = {
			isa = PBXNativeTarget;
			buildConfigurationList = B0D67F351F2150F7001D8D30 /* Build configuration list for PBXNativeTarget "DoItUITests" */;
			buildPhases = (
				B0D67F221F2150F7001D8D30 /* Sources */,
				B0D67F231F2150F7001D8D30 /* Frameworks */,
				B0D67F241F2150F7001D8D30 /* Resources */,
			);
			buildRules = (
			);
			dependencies = (
				B0D67F281F2150F7001D8D30 /* PBXTargetDependency */,
			);
			name = DoItUITests;
			productName = DoItUITests;
			productReference = B0D67F261F2150F7001D8D30 /* DoItUITests.xctest */;
			productType = "com.apple.product-type.bundle.ui-testing";
		};
/* End PBXNativeTarget section */

/* Begin PBXProject section */
		B0D67EFC1F2150F6001D8D30 /* Project object */ = {
			isa = PBXProject;
			attributes = {
				LastSwiftUpdateCheck = 0830;
				LastUpgradeCheck = 0830;
				ORGANIZATIONNAME = "Michael Ruddy";
				TargetAttributes = {
					B0D67F031F2150F6001D8D30 = {
						CreatedOnToolsVersion = 8.3.3;
						ProvisioningStyle = Automatic;
					};
					B0D67F1A1F2150F6001D8D30 = {
						CreatedOnToolsVersion = 8.3.3;
						ProvisioningStyle = Automatic;
						TestTargetID = B0D67F031F2150F6001D8D30;
					};
					B0D67F251F2150F7001D8D30 = {
						CreatedOnToolsVersion = 8.3.3;
						ProvisioningStyle = Automatic;
						TestTargetID = B0D67F031F2150F6001D8D30;
					};
				};
			};
			buildConfigurationList = B0D67EFF1F2150F6001D8D30 /* Build configuration list for PBXProject "DoIt" */;
			compatibilityVersion = "Xcode 3.2";
			developmentRegion = English;
			hasScannedForEncodings = 0;
			knownRegions = (
				en,
				Base,
			);
			mainGroup = B0D67EFB1F2150F6001D8D30;
			productRefGroup = B0D67F051F2150F6001D8D30 /* Products */;
			projectDirPath = "";
			projectRoot = "";
			targets = (
				B0D67F031F2150F6001D8D30 /* DoIt */,
				B0D67F1A1F2150F6001D8D30 /* DoItTests */,
				B0D67F251F2150F7001D8D30 /* DoItUITests */,
			);
		};
/* End PBXProject section */

/* Begin PBXResourcesBuildPhase section */
		B0D67F021F2150F6001D8D30 /* Resources */ = {
			isa = PBXResourcesBuildPhase;
			buildActionMask = 2147483647;
			files = (
				B0D67F151F2150F6001D8D30 /* LaunchScreen.storyboard in Resources */,
				B0D67F121F2150F6001D8D30 /* Assets.xcassets in Resources */,
				B0D67F0D1F2150F6001D8D30 /* Main.storyboard in Resources */,
			);
			runOnlyForDeploymentPostprocessing = 0;
		};
		B0D67F191F2150F6001D8D30 /* Resources */ = {
			isa = PBXResourcesBuildPhase;
			buildActionMask = 2147483647;
			files = (
			);
			runOnlyForDeploymentPostprocessing = 0;
		};
		B0D67F241F2150F7001D8D30 /* Resources */ = {
			isa = PBXResourcesBuildPhase;
			buildActionMask = 2147483647;
			files = (
			);
			runOnlyForDeploymentPostprocessing = 0;
		};
/* End PBXResourcesBuildPhase section */

/* Begin PBXSourcesBuildPhase section */
		B0D67F001F2150F6001D8D30 /* Sources */ = {
			isa = PBXSourcesBuildPhase;
			buildActionMask = 2147483647;
			files = (
				B0D67F101F2150F6001D8D30 /* DoIt.xcdatamodeld in Sources */,
				B0D67F0A1F2150F6001D8D30 /* ViewController.swift in Sources */,
				B0D67F081F2150F6001D8D30 /* AppDelegate.swift in Sources */,
			);
			runOnlyForDeploymentPostprocessing = 0;
		};
		B0D67F171F2150F6001D8D30 /* Sources */ = {
			isa = PBXSourcesBuildPhase;
			buildActionMask = 2147483647;
			files = (
				B0D67F201F2150F6001D8D30 /* DoItTests.swift in Sources */,
			);
			runOnlyForDeploymentPostprocessing = 0;
		};
		B0D67F221F2150F7001D8D30 /* Sources */ = {
			isa = PBXSourcesBuildPhase;
			buildActionMask = 2147483647;
			files = (
				B0D67F2B1F2150F7001D8D30 /* DoItUITests.swift in Sources */,
			);
			runOnlyForDeploymentPostprocessing = 0;
		};
/* End PBXSourcesBuildPhase section */

/* Begin PBXTargetDependency section */
		B0D67F1D1F2150F6001D8D30 /* PBXTargetDependency */ = {
			isa = PBXTargetDependency;
			target = B0D67F031F2150F6001D8D30 /* DoIt */;
			targetProxy = B0D67F1C1F2150F6001D8D30 /* PBXContainerItemProxy */;
		};
		B0D67F281F2150F7001D8D30 /* PBXTargetDependency */ = {
			isa = PBXTargetDependency;
			target = B0D67F031F2150F6001D8D30 /* DoIt */;
			targetProxy = B0D67F271F2150F7001D8D30 /* PBXContainerItemProxy */;
		};
/* End PBXTargetDependency section */

/* Begin PBXVariantGroup section */
		B0D67F0B1F2150F6001D8D30 /* Main.storyboard */ = {
			isa = PBXVariantGroup;
			children = (
				B0D67F0C1F2150F6001D8D30 /* Base */,
			);
			name = Main.storyboard;
			sourceTree = "<group>";
		};
		B0D67F131F2150F6001D8D30 /* LaunchScreen.storyboard */ = {
			isa = PBXVariantGroup;
			children = (
				B0D67F141F2150F6001D8D30 /* Base */,
			);
			name = LaunchScreen.storyboard;
			sourceTree = "<group>";
		};
/* End PBXVariantGroup section */

/* Begin XCBuildConfiguration section */
		B0D67F2D1F2150F7001D8D30 /* Debug */ = {
			isa = XCBuildConfiguration;
			buildSettings = {
				ALWAYS_SEARCH_USER_PATHS = NO;
				CLANG_ANALYZER_NONNULL = YES;
				CLANG_ANALYZER_NUMBER_OBJECT_CONVERSION = YES_AGGRESSIVE;
				CLANG_CXX_LANGUAGE_STANDARD = "gnu++0x";
				CLANG_CXX_LIBRARY = "libc++";
				CLANG_ENABLE_MODULES = YES;
				CLANG_ENABLE_OBJC_ARC = YES;
				CLANG_WARN_BOOL_CONVERSION = YES;
				CLANG_WARN_CONSTANT_CONVERSION = YES;
				CLANG_WARN_DIRECT_OBJC_ISA_USAGE = YES_ERROR;
				CLANG_WARN_DOCUMENTATION_COMMENTS = YES;
				CLANG_WARN_EMPTY_BODY = YES;
				CLANG_WARN_ENUM_CONVERSION = YES;
				CLANG_WARN_INFINITE_RECURSION = YES;
				CLANG_WARN_INT_CONVERSION = YES;
				CLANG_WARN_OBJC_ROOT_CLASS = YES_ERROR;
				CLANG_WARN_SUSPICIOUS_MOVE = YES;
				CLANG_WARN_UNREACHABLE_CODE = YES;
				CLANG_WARN__DUPLICATE_METHOD_MATCH = YES;
				"CODE_SIGN_IDENTITY[sdk=iphoneos*]" = "iPhone Developer";
				COPY_PHASE_STRIP = NO;
				DEBUG_INFORMATION_FORMAT = dwarf;
				ENABLE_STRICT_OBJC_MSGSEND = YES;
				ENABLE_TESTABILITY = YES;
				GCC_C_LANGUAGE_STANDARD = gnu99;
				GCC_DYNAMIC_NO_PIC = NO;
				GCC_NO_COMMON_BLOCKS = YES;
				GCC_OPTIMIZATION_LEVEL = 0;
				GCC_PREPROCESSOR_DEFINITIONS = (
					"DEBUG=1",
					"$(inherited)",
				);
				GCC_WARN_64_TO_32_BIT_CONVERSION = YES;
				GCC_WARN_ABOUT_RETURN_TYPE = YES_ERROR;
				GCC_WARN_UNDECLARED_SELECTOR = YES;
				GCC_WARN_UNINITIALIZED_AUTOS = YES_AGGRESSIVE;
				GCC_WARN_UNUSED_FUNCTION = YES;
				GCC_WARN_UNUSED_VARIABLE = YES;
				IPHONEOS_DEPLOYMENT_TARGET = 10.3;
				MTL_ENABLE_DEBUG_INFO = YES;
				ONLY_ACTIVE_ARCH = YES;
				SDKROOT = iphoneos;
				SWIFT_ACTIVE_COMPILATION_CONDITIONS = DEBUG;
				SWIFT_OPTIMIZATION_LEVEL = "-Onone";
				TARGETED_DEVICE_FAMILY = "1,2";
			};
			name = Debug;
		};
		B0D67F2E1F2150F7001D8D30 /* Release */ = {
			isa = XCBuildConfiguration;
			buildSettings = {
				ALWAYS_SEARCH_USER_PATHS = NO;
				CLANG_ANALYZER_NONNULL = YES;
				CLANG_ANALYZER_NUMBER_OBJECT_CONVERSION = YES_AGGRESSIVE;
				CLANG_CXX_LANGUAGE_STANDARD = "gnu++0x";
				CLANG_CXX_LIBRARY = "libc++";
				CLANG_ENABLE_MODULES = YES;
				CLANG_ENABLE_OBJC_ARC = YES;
				CLANG_WARN_BOOL_CONVERSION = YES;
				CLANG_WARN_CONSTANT_CONVERSION = YES;
				CLANG_WARN_DIRECT_OBJC_ISA_USAGE = YES_ERROR;
				CLANG_WARN_DOCUMENTATION_COMMENTS = YES;
				CLANG_WARN_EMPTY_BODY = YES;
				CLANG_WARN_ENUM_CONVERSION = YES;
				CLANG_WARN_INFINITE_RECURSION = YES;
				CLANG_WARN_INT_CONVERSION = YES;
				CLANG_WARN_OBJC_ROOT_CLASS = YES_ERROR;
				CLANG_WARN_SUSPICIOUS_MOVE = YES;
				CLANG_WARN_UNREACHABLE_CODE = YES;
				CLANG_WARN__DUPLICATE_METHOD_MATCH = YES;
				"CODE_SIGN_IDENTITY[sdk=iphoneos*]" = "iPhone Developer";
				COPY_PHASE_STRIP = NO;
				DEBUG_INFORMATION_FORMAT = "dwarf-with-dsym";
				ENABLE_NS_ASSERTIONS = NO;
				ENABLE_STRICT_OBJC_MSGSEND = YES;
				GCC_C_LANGUAGE_STANDARD = gnu99;
				GCC_NO_COMMON_BLOCKS = YES;
				GCC_WARN_64_TO_32_BIT_CONVERSION = YES;
				GCC_WARN_ABOUT_RETURN_TYPE = YES_ERROR;
				GCC_WARN_UNDECLARED_SELECTOR = YES;
				GCC_WARN_UNINITIALIZED_AUTOS = YES_AGGRESSIVE;
				GCC_WARN_UNUSED_FUNCTION = YES;
				GCC_WARN_UNUSED_VARIABLE = YES;
				IPHONEOS_DEPLOYMENT_TARGET = 10.3;
				MTL_ENABLE_DEBUG_INFO = NO;
				SDKROOT = iphoneos;
				SWIFT_OPTIMIZATION_LEVEL = "-Owholemodule";
				TARGETED_DEVICE_FAMILY = "1,2";
				VALIDATE_PRODUCT = YES;
			};
			name = Release;
		};
		B0D67F301F2150F7001D8D30 /* Debug */ = {
			isa = XCBuildConfiguration;
			buildSettings = {
				ASSETCATALOG_COMPILER_APPICON_NAME = AppIcon;
				INFOPLIST_FILE = DoIt/Info.plist;
				LD_RUNPATH_SEARCH_PATHS = "$(inherited) @executable_path/Frameworks";
				PRODUCT_BUNDLE_IDENTIFIER = mcluvinit.DoIt;
				PRODUCT_NAME = "$(TARGET_NAME)";
				SWIFT_VERSION = 3.0;
			};
			name = Debug;
		};
		B0D67F311F2150F7001D8D30 /* Release */ = {
			isa = XCBuildConfiguration;
			buildSettings = {
				ASSETCATALOG_COMPILER_APPICON_NAME = AppIcon;
				INFOPLIST_FILE = DoIt/Info.plist;
				LD_RUNPATH_SEARCH_PATHS = "$(inherited) @executable_path/Frameworks";
				PRODUCT_BUNDLE_IDENTIFIER = mcluvinit.DoIt;
				PRODUCT_NAME = "$(TARGET_NAME)";
				SWIFT_VERSION = 3.0;
			};
			name = Release;
		};
		B0D67F331F2150F7001D8D30 /* Debug */ = {
			isa = XCBuildConfiguration;
			buildSettings = {
				ALWAYS_EMBED_SWIFT_STANDARD_LIBRARIES = YES;
				BUNDLE_LOADER = "$(TEST_HOST)";
				INFOPLIST_FILE = DoItTests/Info.plist;
				LD_RUNPATH_SEARCH_PATHS = "$(inherited) @executable_path/Frameworks @loader_path/Frameworks";
				PRODUCT_BUNDLE_IDENTIFIER = mcluvinit.DoItTests;
				PRODUCT_NAME = "$(TARGET_NAME)";
				SWIFT_VERSION = 3.0;
				TEST_HOST = "$(BUILT_PRODUCTS_DIR)/DoIt.app/DoIt";
			};
			name = Debug;
		};
		B0D67F341F2150F7001D8D30 /* Release */ = {
			isa = XCBuildConfiguration;
			buildSettings = {
				ALWAYS_EMBED_SWIFT_STANDARD_LIBRARIES = YES;
				BUNDLE_LOADER = "$(TEST_HOST)";
				INFOPLIST_FILE = DoItTests/Info.plist;
				LD_RUNPATH_SEARCH_PATHS = "$(inherited) @executable_path/Frameworks @loader_path/Frameworks";
				PRODUCT_BUNDLE_IDENTIFIER = mcluvinit.DoItTests;
				PRODUCT_NAME = "$(TARGET_NAME)";
				SWIFT_VERSION = 3.0;
				TEST_HOST = "$(BUILT_PRODUCTS_DIR)/DoIt.app/DoIt";
			};
			name = Release;
		};
		B0D67F361F2150F7001D8D30 /* Debug */ = {
			isa = XCBuildConfiguration;
			buildSettings = {
				ALWAYS_EMBED_SWIFT_STANDARD_LIBRARIES = YES;
				INFOPLIST_FILE = DoItUITests/Info.plist;
				LD_RUNPATH_SEARCH_PATHS = "$(inherited) @executable_path/Frameworks @loader_path/Frameworks";
				PRODUCT_BUNDLE_IDENTIFIER = mcluvinit.DoItUITests;
				PRODUCT_NAME = "$(TARGET_NAME)";
				SWIFT_VERSION = 3.0;
				TEST_TARGET_NAME = DoIt;
			};
			name = Debug;
		};
		B0D67F371F2150F7001D8D30 /* Release */ = {
			isa = XCBuildConfiguration;
			buildSettings = {
				ALWAYS_EMBED_SWIFT_STANDARD_LIBRARIES = YES;
				INFOPLIST_FILE = DoItUITests/Info.plist;
				LD_RUNPATH_SEARCH_PATHS = "$(inherited) @executable_path/Frameworks @loader_path/Frameworks";
				PRODUCT_BUNDLE_IDENTIFIER = mcluvinit.DoItUITests;
				PRODUCT_NAME = "$(TARGET_NAME)";
				SWIFT_VERSION = 3.0;
				TEST_TARGET_NAME = DoIt;
			};
			name = Release;
		};
/* End XCBuildConfiguration section */

/* Begin XCConfigurationList section */
		B0D67EFF1F2150F6001D8D30 /* Build configuration list for PBXProject "DoIt" */ = {
			isa = XCConfigurationList;
			buildConfigurations = (
				B0D67F2D1F2150F7001D8D30 /* Debug */,
				B0D67F2E1F2150F7001D8D30 /* Release */,
			);
			defaultConfigurationIsVisible = 0;
			defaultConfigurationName = Release;
		};
		B0D67F2F1F2150F7001D8D30 /* Build configuration list for PBXNativeTarget "DoIt" */ = {
			isa = XCConfigurationList;
			buildConfigurations = (
				B0D67F301F2150F7001D8D30 /* Debug */,
				B0D67F311F2150F7001D8D30 /* Release */,
			);
			defaultConfigurationIsVisible = 0;
		};
		B0D67F321F2150F7001D8D30 /* Build configuration list for PBXNativeTarget "DoItTests" */ = {
			isa = XCConfigurationList;
			buildConfigurations = (
				B0D67F331F2150F7001D8D30 /* Debug */,
				B0D67F341F2150F7001D8D30 /* Release */,
			);
			defaultConfigurationIsVisible = 0;
		};
		B0D67F351F2150F7001D8D30 /* Build configuration list for PBXNativeTarget "DoItUITests" */ = {
			isa = XCConfigurationList;
			buildConfigurations = (
				B0D67F361F2150F7001D8D30 /* Debug */,
				B0D67F371F2150F7001D8D30 /* Release */,
			);
			defaultConfigurationIsVisible = 0;
		};
/* End XCConfigurationList section */

/* Begin XCVersionGroup section */
		B0D67F0E1F2150F6001D8D30 /* DoIt.xcdatamodeld */ = {
			isa = XCVersionGroup;
			children = (
				B0D67F0F1F2150F6001D8D30 /* DoIt.xcdatamodel */,
			);
			currentVersion = B0D67F0F1F2150F6001D8D30 /* DoIt.xcdatamodel */;
			path = DoIt.xcdatamodeld;
			sourceTree = "<group>";
			versionGroupType = wrapper.xcdatamodel;
		};
/* End XCVersionGroup section */
	};
	rootObject = B0D67EFC1F2150F6001D8D30 /* Project object */;
}
